{
  "version": 4,
  "terraform_version": "1.15.8",
  "serial": 100,
  "lineage": "cd7da03d-72e6-9be4-6acd-551e9989fa8b",
  "outputs": {},
  "resources": [
    {
      "mode": "data",
      "type": "dokploy_github_providers",
      "name": "monitoring",
      "provider": "provider[\"registry.terraform.io/ahmedali6/dokploy\"]",
      "instances": [
        {
          "schema_version": 0,
          "attributes": {
            "providers": [
              {
                "created_at": "2026-03-01T18:05:32.320Z",
                "git_provider_id": "VDikE5ozLhV6wOxjZOhCq",
                "id": "NUjp7NPONf-QyH2-8OUuY",
                "name": "dokploy-home-william-winkler",
                "organization_id": "yluAdLKtjlcxRZhiT08Nf",
                "provider_type": "github"
              }
            ]
          },
          "sensitive_attributes": [],
          "identity_schema_version": 0
        }
      ]
    },
    {
      "mode": "managed",
      "type": "dokploy_compose",
      "name": "monitoring",
      "provider": "provider[\"registry.terraform.io/ahmedali6/dokploy\"]",
      "instances": [
        {
          "schema_version": 0,
          "attributes": {
            "app_name": "observability-jr4epy",
            "auto_deploy": false,
            "bitbucket_branch": null,
            "bitbucket_build_path": null,
            "bitbucket_id": null,
            "bitbucket_owner": null,
            "bitbucket_repository": null,
            "branch": "main",
            "command": null,
            "compose_file_content": null,
            "compose_path": "stacks/monitoring/docker-stack.yml",
            "compose_status": "error",
            "compose_type": "stack",
            "created_at": "2026-08-31T14:16:45.557Z",
            "custom_git_branch": null,
            "custom_git_build_path": null,
            "custom_git_ssh_key_id": null,
            "custom_git_url": null,
            "deploy_on_create": true,
            "description": "Single-node LGTM monitoring stack",
            "enable_submodules": false,
            "env": "# Non-secret values injected by Dokploy for Compose interpolation.\n# These manifest-list digests were resolved from the listed release tags and\n# remain portable across the image platforms supported by those manifests.\nGRAFANA_IMAGE=grafana/grafana@sha256:2175aaa91c96733d86d31cf270d5310b278654b03f5718c59de12a865380a31f\nPROMETHEUS_IMAGE=prom/prometheus@sha256:38c3b05c3bc744ff1b0b7b4eb82196026442845e62a1e2073795565da506d7a2\nBLACKBOX_EXPORTER_IMAGE=quay.io/prometheus/blackbox-exporter@sha256:a50c4c0eda297baa1678cd4dc4712a67fdea713b832d43ce7fcc5f9bea05094d\nLOKI_IMAGE=grafana/loki@sha256:a74594532eec4cc313401beedc4dd2708c43674c032084b1aeb87c14a5be1745\nTEMPO_IMAGE=grafana/tempo@sha256:0ef775495967cd5d7a6b2e146b6ea695d624803c8db8349fb8ce4164f719f9b7\nALLOY_IMAGE=grafana/alloy@sha256:1bc130e909116a4bf950eb5187a346007d3b796f96832b529acb14a64e41230f\n\nGRAFANA_HOST=grafana.home.arpa",
            "environment_id": "iiOxCIql5zawbF_VK3zkz",
            "gitea_branch": null,
            "gitea_build_path": null,
            "gitea_id": null,
            "gitea_owner": null,
            "gitea_repository": null,
            "github_id": "NUjp7NPONf-QyH2-8OUuY",
            "gitlab_branch": null,
            "gitlab_build_path": null,
            "gitlab_id": null,
            "gitlab_owner": null,
            "gitlab_path_namespace": null,
            "gitlab_project_id": null,
            "gitlab_repository": null,
            "id": "9l13djH2v1mGPspp5IK7G",
            "isolated_deployment": false,
            "isolated_deployments_volume": false,
            "name": "observability",
            "owner": "williamwinkler",
            "randomize": false,
            "refresh_token": "bEWI-0bg9OckW6UIVNLzf",
            "repository": "homelab-infra",
            "server_id": null,
            "source_type": "github",
            "suffix": null,
            "trigger_type": "push",
            "watch_paths": [
              "stacks/monitoring/**"
            ]
          },
          "sensitive_attributes": [
            [
              {
                "type": "get_attr",
                "value": "env"
              }
            ],
            [
              {
                "type": "get_attr",
                "value": "refresh_token"
              }
            ]
          ],
          "identity_schema_version": 0,
          "dependencies": [
            "data.dokploy_github_providers.monitoring",
            "dokploy_environment.monitoring",
            "dokploy_project.monitoring"
          ]
        }
      ]
    },
    {
      "mode": "managed",
      "type": "dokploy_domain",
      "name": "grafana",
      "provider": "provider[\"registry.terraform.io/ahmedali6/dokploy\"]",
      "instances": [
        {
          "schema_version": 0,
          "attributes": {
            "application_id": null,
            "certificate_type": "none",
            "compose_id": "9l13djH2v1mGPspp5IK7G",
            "generate_traefik_me": null,
            "host": "grafana.home.arpa",
            "https": false,
            "id": "Ec80YVTKIl1X21_7LbFUs",
            "path": "/",
            "port": 3000,
            "redeploy_on_update": true,
            "service_name": "grafana"
          },
          "sensitive_attributes": [],
          "identity_schema_version": 0,
          "dependencies": [
            "data.dokploy_github_providers.monitoring",
            "dokploy_compose.monitoring",
            "dokploy_environment.monitoring",
            "dokploy_project.monitoring"
          ]
        }
      ]
    },
    {
      "mode": "managed",
      "type": "dokploy_domain",
      "name": "prometheus",
      "provider": "provider[\"registry.terraform.io/ahmedali6/dokploy\"]",
      "instances": [
        {
          "schema_version": 0,
          "attributes": {
            "application_id": null,
            "certificate_type": "none",
            "compose_id": "9l13djH2v1mGPspp5IK7G",
            "generate_traefik_me": null,
            "host": "prometheus.home.arpa",
            "https": false,
            "id": "GN9xipq-B2pP7eJZHOdv1",
            "path": "/",
            "port": 9090,
            "redeploy_on_update": true,
            "service_name": "prometheus"
          },
          "sensitive_attributes": [],
          "identity_schema_version": 0,
          "dependencies": [
            "data.dokploy_github_providers.monitoring",
            "dokploy_compose.monitoring",
            "dokploy_environment.monitoring",
            "dokploy_project.monitoring"
          ]
        }
      ]
    },
    {
      "mode": "managed",
      "type": "dokploy_environment",
      "name": "monitoring",
      "provider": "provider[\"registry.terraform.io/ahmedali6/dokploy\"]",
      "instances": [
        {
          "schema_version": 0,
          "attributes": {
            "description": "Production environment",
            "id": "iiOxCIql5zawbF_VK3zkz",
            "name": "production",
            "project_id": "2qIEhibrKAoXGWVSOeywq"
          },
          "sensitive_attributes": [],
          "identity_schema_version": 0,
          "dependencies": [
            "dokploy_project.monitoring"
          ]
        }
      ]
    },
    {
      "mode": "managed",
      "type": "dokploy_project",
      "name": "monitoring",
      "provider": "provider[\"registry.terraform.io/ahmedali6/dokploy\"]",
      "instances": [
        {
          "schema_version": 0,
          "attributes": {
            "description": "📊 Self-hosted Grafana, Prometheus, Loki, Tempo, and Alloy",
            "id": "2qIEhibrKAoXGWVSOeywq",
            "name": "Monitoring"
          },
          "sensitive_attributes": [],
          "identity_schema_version": 0
        }
      ]
    }
  ],
  "check_results": null
}
