{
  "version": 4,
  "terraform_version": "1.15.8",
  "serial": 73,
  "lineage": "cd7da03d-72e6-9be4-6acd-551e9989fa8b",
  "outputs": {},
  "resources": [
    {
      "mode": "data",
      "type": "dokploy_github_providers",
      "name": "configured",
      "provider": "provider[\"registry.terraform.io/ahmedali6/dokploy\"]",
      "instances": [
        {
          "schema_version": 0,
          "attributes": {
            "providers": [
              {
                "created_at": "2026-03-01T18:05:32.320Z",
                "git_provider_id": "VDikE5ozLhV6wOxjZOhCq",
                "id": "NUjp7NPONf-QyH2-8OUuY",
                "name": "dokploy-home-william-winkler",
                "organization_id": "yluAdLKtjlcxRZhiT08Nf",
                "provider_type": "github"
              }
            ]
          },
          "sensitive_attributes": [],
          "identity_schema_version": 0
        }
      ]
    },
    {
      "mode": "managed",
      "type": "dokploy_application",
      "name": "web",
      "provider": "provider[\"registry.terraform.io/ahmedali6/dokploy\"]",
      "instances": [
        {
          "schema_version": 0,
          "attributes": {
            "app_name": "app-navigate-optical-capacitor-zgu386",
            "application_status": "running",
            "args": null,
            "auto_deploy": true,
            "bitbucket_branch": null,
            "bitbucket_build_path": null,
            "bitbucket_id": null,
            "bitbucket_owner": null,
            "bitbucket_repository": null,
            "branch": "master",
            "build_args": null,
            "build_path": null,
            "build_registry_id": null,
            "build_secrets": null,
            "build_server_id": null,
            "build_type": "nixpacks",
            "clean_cache": false,
            "command": null,
            "cpu_limit": null,
            "cpu_reservation": null,
            "create_env_file": true,
            "custom_git_branch": null,
            "custom_git_build_path": null,
            "custom_git_ssh_key_id": null,
            "custom_git_url": null,
            "deploy_on_create": true,
            "description": null,
            "docker_build_stage": null,
            "docker_context_path": ".",
            "docker_image": null,
            "dockerfile": null,
            "dockerfile_path": "./Dockerfile",
            "drop_build_path": null,
            "enable_submodules": false,
            "enabled": false,
            "endpoint_spec_swarm": null,
            "env": null,
            "environment_id": "yxxaEpO8YZjpIuCO-uN_S",
            "gitea_branch": null,
            "gitea_build_path": null,
            "gitea_id": null,
            "gitea_owner": null,
            "gitea_repository": null,
            "github_branch": "master",
            "github_build_path": null,
            "github_id": "NUjp7NPONf-QyH2-8OUuY",
            "github_owner": "williamwinkler",
            "github_repository": "hs-card-web",
            "gitlab_branch": null,
            "gitlab_build_path": null,
            "gitlab_id": null,
            "gitlab_owner": null,
            "gitlab_path_namespace": null,
            "gitlab_project_id": null,
            "gitlab_repository": null,
            "health_check_swarm": null,
            "heroku_version": "",
            "id": "xWf5VHqW2wW1U2P8e9iF1",
            "is_static_spa": false,
            "labels_swarm": null,
            "memory_limit": null,
            "memory_reservation": null,
            "mode_swarm": null,
            "name": "web",
            "network_swarm": null,
            "owner": "williamwinkler",
            "password": null,
            "placement_swarm": null,
            "preview_build_args": null,
            "preview_build_secrets": null,
            "preview_certificate_type": "none",
            "preview_custom_cert_resolver": null,
            "preview_deployments_enabled": false,
            "preview_env": null,
            "preview_https": false,
            "preview_labels": null,
            "preview_limit": 3,
            "preview_path": "/",
            "preview_port": 3000,
            "preview_require_collaborator_permissions": true,
            "preview_wildcard": null,
            "publish_directory": null,
            "railpack_version": "",
            "registry_id": null,
            "registry_url": null,
            "replicas": 1,
            "repository": "hs-card-web",
            "restart_policy_swarm": null,
            "rollback_active": false,
            "rollback_config_swarm": null,
            "rollback_registry_id": null,
            "server_id": null,
            "source_type": "github",
            "stop_grace_period_swarm": null,
            "subtitle": null,
            "title": null,
            "traefik_config": null,
            "trigger_type": "push",
            "update_config_swarm": null,
            "username": null,
            "watch_paths": null
          },
          "sensitive_attributes": [
            [
              {
                "type": "get_attr",
                "value": "build_secrets"
              }
            ],
            [
              {
                "type": "get_attr",
                "value": "password"
              }
            ],
            [
              {
                "type": "get_attr",
                "value": "preview_build_secrets"
              }
            ]
          ],
          "identity_schema_version": 0,
          "dependencies": [
            "data.dokploy_github_providers.configured",
            "dokploy_environment.default",
            "dokploy_project.default"
          ]
        }
      ]
    },
    {
      "mode": "managed",
      "type": "dokploy_environment",
      "name": "default",
      "provider": "provider[\"registry.terraform.io/ahmedali6/dokploy\"]",
      "instances": [
        {
          "schema_version": 0,
          "attributes": {
            "description": "Production environment",
            "id": "yxxaEpO8YZjpIuCO-uN_S",
            "name": "production",
            "project_id": "iZ3fjHq94AQ7l35RwdUeW"
          },
          "sensitive_attributes": [],
          "identity_schema_version": 0,
          "dependencies": [
            "dokploy_project.default"
          ]
        }
      ]
    },
    {
      "mode": "managed",
      "type": "dokploy_environment_variables",
      "name": "hscards_web_env_vars",
      "provider": "provider[\"registry.terraform.io/ahmedali6/dokploy\"]",
      "instances": [
        {
          "schema_version": 0,
          "attributes": {
            "application_id": "xWf5VHqW2wW1U2P8e9iF1",
            "create_env_file": true,
            "id": "xWf5VHqW2wW1U2P8e9iF1",
            "variables": {
              "VITE_API_BASE_URL": "https://hscards.william-winkler.com/api/v1"
            }
          },
          "sensitive_attributes": [
            [
              {
                "type": "get_attr",
                "value": "variables"
              }
            ]
          ],
          "identity_schema_version": 0,
          "dependencies": [
            "data.dokploy_github_providers.configured",
            "dokploy_application.web",
            "dokploy_environment.default",
            "dokploy_project.default"
          ]
        }
      ]
    },
    {
      "mode": "managed",
      "type": "dokploy_project",
      "name": "default",
      "provider": "provider[\"registry.terraform.io/ahmedali6/dokploy\"]",
      "instances": [
        {
          "schema_version": 0,
          "attributes": {
            "description": "Hearthstone cards test",
            "id": "iZ3fjHq94AQ7l35RwdUeW",
            "name": "hscards_tf"
          },
          "sensitive_attributes": [],
          "identity_schema_version": 0
        }
      ]
    }
  ],
  "check_results": null
}
